
Microsoft Visual Studio Solution File, Format Version 12.00
# Visual Studio Version 17
VisualStudioVersion = 17.9.34728.123
MinimumVisualStudioVersion = 10.0.40219.1
Project("{9A19103F-16F7-4668-BE54-9A1E7A4F7556}") = "SAMApp", "src\SAMApp\SAMApp.csproj", "{F462607C-21A1-460A-90D6-1E439DDCA7A8}"
EndProject
Global
	GlobalSection(SolutionConfigurationPlatforms) = preSolution
		Debug|Any CPU = Debug|Any CPU
		Release|Any CPU = Release|Any CPU
	EndGlobalSection
	GlobalSection(ProjectConfigurationPlatforms) = postSolution
		{F462607C-21A1-460A-90D6-1E439DDCA7A8}.Debug|Any CPU.ActiveCfg = Debug|Any CPU
		{F462607C-21A1-460A-90D6-1E439DDCA7A8}.Debug|Any CPU.Build.0 = Debug|Any CPU
		{F462607C-21A1-460A-90D6-1E439DDCA7A8}.Release|Any CPU.ActiveCfg = Release|Any CPU
		{F462607C-21A1-460A-90D6-1E439DDCA7A8}.Release|Any CPU.Build.0 = Release|Any CPU
	EndGlobalSection
	GlobalSection(SolutionProperties) = preSolution
		HideSolutionNode = FALSE
	EndGlobalSection
	GlobalSection(ExtensibilityGlobals) = postSolution
		SolutionGuid = {327C38E0-5EF1-432F-99C8-E0B26AB64BDD}
	EndGlobalSection
EndGlobal
